github.com/gopherjs/gopherjs v0.0.0-20190430165422-3e4dfb77656c h1:7lF+Vz0LqiRidnzC1Oq86fpX1q/iEv2KJdrCtttYjT4=
github.com/gopherjs/gopherjs v0.0.0-20190430165422-3e4dfb77656c/go.mod h1:wJfORRmW1u3UXTncJ5qlYoELFm8eSnnEO6hX4iZ3EWY=
github.com/pubgo/vrouter v0.0.0-20190712092944-21c993f98047 h1:RSjgMAgDk1sMSz2STUDRAe2w54/x7g2JYIKbkynl0G4=
github.com/pubgo/vrouter v0.0.0-20190712092944-21c993f98047/go.mod h1:I9zssVEccjEgV7Sd9px/Y8W5PsP01NUPFEtz8YIxmvY=
github.com/siongui/godom v0.0.0-20181006133514-8ba1cdb25192 h1:+H5lXLoRFOu/K/q8focJ8syTYjqEOaGwVJE6MpyKFPA=
github.com/siongui/godom v0.0.0-20181006133514-8ba1cdb25192/go.mod h1:HlsL4IlMbIFM7fVEzc61bwE3Or1cNJzKZMDkO2xO9gA=
